
Microsoft Visual Studio Solution File, Format Version 12.00
# Visual Studio Version 17
VisualStudioVersion = 17.4.33403.182
MinimumVisualStudioVersion = 10.0.40219.1
Project("{FAE04EC0-301F-11D3-BF4B-00C04F79EFBC}") = "DraftGoods", "DraftGoods\DraftGoods.csproj", "{D4A7D2D0-59BA-4127-9463-E16E56C91625}"
EndProject
Global
	GlobalSection(SolutionConfigurationPlatforms) = preSolution
		Debug|Any CPU = Debug|Any CPU
		Release|Any CPU = Release|Any CPU
	EndGlobalSection
	GlobalSection(ProjectConfigurationPlatforms) = postSolution
		{D4A7D2D0-59BA-4127-9463-E16E56C91625}.Debug|Any CPU.ActiveCfg = Debug|Any CPU
		{D4A7D2D0-59BA-4127-9463-E16E56C91625}.Debug|Any CPU.Build.0 = Debug|Any CPU
		{D4A7D2D0-59BA-4127-9463-E16E56C91625}.Release|Any CPU.ActiveCfg = Release|Any CPU
		{D4A7D2D0-59BA-4127-9463-E16E56C91625}.Release|Any CPU.Build.0 = Release|Any CPU
	EndGlobalSection
	GlobalSection(SolutionProperties) = preSolution
		HideSolutionNode = FALSE
	EndGlobalSection
	GlobalSection(ExtensibilityGlobals) = postSolution
		SolutionGuid = {FA9C63A4-DC89-4966-9B34-6B39A505EC4D}
	EndGlobalSection
EndGlobal
